// !$*UTF8*$!
{
	archiveVersion = 1;
	classes = {
	};
	objectVersion = 46;
	objects = {

/* Begin PBXBuildFile section */
		6AEB68321D1FCD22008A9729 /* AppDelegate.swift in Sources */ = {isa = PBXBuildFile; fileRef = 6AEB68311D1FCD22008A9729 /* AppDelegate.swift */; };
		6AEB68341D1FCD22008A9729 /* MainViewController.swift in Sources */ = {isa = PBXBuildFile; fileRef = 6AEB68331D1FCD22008A9729 /* MainViewController.swift */; };
		6AEB68371D1FCD22008A9729 /* Main.storyboard in Resources */ = {isa = PBXBuildFile; fileRef = 6AEB68351D1FCD22008A9729 /* Main.storyboard */; };
		6AEB683A1D1FCD22008A9729 /* MMDrawerSampleSwift2.xcdatamodeld in Sources */ = {isa = PBXBuildFile; fileRef = 6AEB68381D1FCD22008A9729 /* MMDrawerSampleSwift2.xcdatamodeld */; };
		6AEB683C1D1FCD22008A9729 /* Assets.xcassets in Resources */ = {isa = PBXBuildFile; fileRef = 6AEB683B1D1FCD22008A9729 /* Assets.xcassets */; };
		6AEB683F1D1FCD22008A9729 /* LaunchScreen.storyboard in Resources */ = {isa = PBXBuildFile; fileRef = 6AEB683D1D1FCD22008A9729 /* LaunchScreen.storyboard */; };
		6AEB684A1D1FCD22008A9729 /* MMDrawerSampleSwift2Tests.swift in Sources */ = {isa = PBXBuildFile; fileRef = 6AEB68491D1FCD22008A9729 /* MMDrawerSampleSwift2Tests.swift */; };
		6AEB68551D1FCD22008A9729 /* MMDrawerSampleSwift2UITests.swift in Sources */ = {isa = PBXBuildFile; fileRef = 6AEB68541D1FCD22008A9729 /* MMDrawerSampleSwift2UITests.swift */; };
		6AEB68631D1FCF0F008A9729 /* MMDrawerController.framework in Frameworks */ = {isa = PBXBuildFile; fileRef = 6AEB68621D1FCF0F008A9729 /* MMDrawerController.framework */; };
		6AEB68651D200538008A9729 /* LeftDrawerViewController.swift in Sources */ = {isa = PBXBuildFile; fileRef = 6AEB68641D200538008A9729 /* LeftDrawerViewController.swift */; };
		B5ED42EA526A18C5668622DA /* Pods_MMDrawerSampleSwift2.framework in Frameworks */ = {isa = PBXBuildFile; fileRef = 1A4969A02B35BC6576FA2EA7 /* Pods_MMDrawerSampleSwift2.framework */; };
/* End PBXBuildFile section */

/* Begin PBXContainerItemProxy section */
		6AEB68461D1FCD22008A9729 /* PBXContainerItemProxy */ = {
			isa = PBXContainerItemProxy;
			containerPortal = 6AEB68261D1FCD22008A9729 /* Project object */;
			proxyType = 1;
			remoteGlobalIDString = 6AEB682D1D1FCD22008A9729;
			remoteInfo = MMDrawerSampleSwift2;
		};
		6AEB68511D1FCD22008A9729 /* PBXContainerItemProxy */ = {
			isa = PBXContainerItemProxy;
			containerPortal = 6AEB68261D1FCD22008A9729 /* Project object */;
			proxyType = 1;
			remoteGlobalIDString = 6AEB682D1D1FCD22008A9729;
			remoteInfo = MMDrawerSampleSwift2;
		};
/* End PBXContainerItemProxy section */

/* Begin PBXFileReference section */
		1A4969A02B35BC6576FA2EA7 /* Pods_MMDrawerSampleSwift2.framework */ = {isa = PBXFileReference; explicitFileType = wrapper.framework; includeInIndex = 0; path = Pods_MMDrawerSampleSwift2.framework; sourceTree = BUILT_PRODUCTS_DIR; };
		2BF7CBA0D29BD86115FB2338 /* Pods-MMDrawerSampleSwift2.debug.xcconfig */ = {isa = PBXFileReference; includeInIndex = 1; lastKnownFileType = text.xcconfig; name = "Pods-MMDrawerSampleSwift2.debug.xcconfig"; path = "Pods/Target Support Files/Pods-MMDrawerSampleSwift2/Pods-MMDrawerSampleSwift2.debug.xcconfig"; sourceTree = "<group>"; };
		51B5CC2249B66DE0635FE3CA /* Pods-MMDrawerSampleSwift2.release.xcconfig */ = {isa = PBXFileReference; includeInIndex = 1; lastKnownFileType = text.xcconfig; name = "Pods-MMDrawerSampleSwift2.release.xcconfig"; path = "Pods/Target Support Files/Pods-MMDrawerSampleSwift2/Pods-MMDrawerSampleSwift2.release.xcconfig"; sourceTree = "<group>"; };
		6AEB682E1D1FCD22008A9729 /* MMDrawerSampleSwift2.app */ = {isa = PBXFileReference; explicitFileType = wrapper.application; includeInIndex = 0; path = MMDrawerSampleSwift2.app; sourceTree = BUILT_PRODUCTS_DIR; };
		6AEB68311D1FCD22008A9729 /* AppDelegate.swift */ = {isa = PBXFileReference; lastKnownFileType = sourcecode.swift; path = AppDelegate.swift; sourceTree = "<group>"; };
		6AEB68331D1FCD22008A9729 /* MainViewController.swift */ = {isa = PBXFileReference; lastKnownFileType = sourcecode.swift; path = MainViewController.swift; sourceTree = "<group>"; };
		6AEB68361D1FCD22008A9729 /* Base */ = {isa = PBXFileReference; lastKnownFileType = file.storyboard; name = Base; path = Base.lproj/Main.storyboard; sourceTree = "<group>"; };
		6AEB68391D1FCD22008A9729 /* MMDrawerSampleSwift2.xcdatamodel */ = {isa = PBXFileReference; lastKnownFileType = wrapper.xcdatamodel; path = MMDrawerSampleSwift2.xcdatamodel; sourceTree = "<group>"; };
		6AEB683B1D1FCD22008A9729 /* Assets.xcassets */ = {isa = PBXFileReference; lastKnownFileType = folder.assetcatalog; path = Assets.xcassets; sourceTree = "<group>"; };
		6AEB683E1D1FCD22008A9729 /* Base */ = {isa = PBXFileReference; lastKnownFileType = file.storyboard; name = Base; path = Base.lproj/LaunchScreen.storyboard; sourceTree = "<group>"; };
		6AEB68401D1FCD22008A9729 /* Info.plist */ = {isa = PBXFileReference; lastKnownFileType = text.plist.xml; path = Info.plist; sourceTree = "<group>"; };
		6AEB68451D1FCD22008A9729 /* MMDrawerSampleSwift2Tests.xctest */ = {isa = PBXFileReference; explicitFileType = wrapper.cfbundle; includeInIndex = 0; path = MMDrawerSampleSwift2Tests.xctest; sourceTree = BUILT_PRODUCTS_DIR; };
		6AEB68491D1FCD22008A9729 /* MMDrawerSampleSwift2Tests.swift */ = {isa = PBXFileReference; lastKnownFileType = sourcecode.swift; path = MMDrawerSampleSwift2Tests.swift; sourceTree = "<group>"; };
		6AEB684B1D1FCD22008A9729 /* Info.plist */ = {isa = PBXFileReference; lastKnownFileType = text.plist.xml; path = Info.plist; sourceTree = "<group>"; };
		6AEB68501D1FCD22008A9729 /* MMDrawerSampleSwift2UITests.xctest */ = {isa = PBXFileReference; explicitFileType = wrapper.cfbundle; includeInIndex = 0; path = MMDrawerSampleSwift2UITests.xctest; sourceTree = BUILT_PRODUCTS_DIR; };
		6AEB68541D1FCD22008A9729 /* MMDrawerSampleSwift2UITests.swift */ = {isa = PBXFileReference; lastKnownFileType = sourcecode.swift; path = MMDrawerSampleSwift2UITests.swift; sourceTree = "<group>"; };
		6AEB68561D1FCD22008A9729 /* Info.plist */ = {isa = PBXFileReference; lastKnownFileType = text.plist.xml; path = Info.plist; sourceTree = "<group>"; };
		6AEB68621D1FCF0F008A9729 /* MMDrawerController.framework */ = {isa = PBXFileReference; lastKnownFileType = wrapper.framework; name = MMDrawerController.framework; path = "Pods/../build/Debug-iphoneos/MMDrawerController.framework"; sourceTree = "<group>"; };
		6AEB68641D200538008A9729 /* LeftDrawerViewController.swift */ = {isa = PBXFileReference; fileEncoding = 4; lastKnownFileType = sourcecode.swift; path = LeftDrawerViewController.swift; sourceTree = "<group>"; };
/* End PBXFileReference section */

/* Begin PBXFrameworksBuildPhase section */
		6AEB682B1D1FCD22008A9729 /* Frameworks */ = {
			isa = PBXFrameworksBuildPhase;
			buildActionMask = 2147483647;
			files = (
				6AEB68631D1FCF0F008A9729 /* MMDrawerController.framework in Frameworks */,
				B5ED42EA526A18C5668622DA /* Pods_MMDrawerSampleSwift2.framework in Frameworks */,
			);
			runOnlyForDeploymentPostprocessing = 0;
		};
		6AEB68421D1FCD22008A9729 /* Frameworks */ = {
			isa = PBXFrameworksBuildPhase;
			buildActionMask = 2147483647;
			files = (
			);
			runOnlyForDeploymentPostprocessing = 0;
		};
		6AEB684D1D1FCD22008A9729 /* Frameworks */ = {
			isa = PBXFrameworksBuildPhase;
			buildActionMask = 2147483647;
			files = (
			);
			runOnlyForDeploymentPostprocessing = 0;
		};
/* End PBXFrameworksBuildPhase section */

/* Begin PBXGroup section */
		6AEB68251D1FCD22008A9729 = {
			isa = PBXGroup;
			children = (
				6AEB68301D1FCD22008A9729 /* MMDrawerSampleSwift2 */,
				6AEB68481D1FCD22008A9729 /* MMDrawerSampleSwift2Tests */,
				6AEB68531D1FCD22008A9729 /* MMDrawerSampleSwift2UITests */,
				6AEB682F1D1FCD22008A9729 /* Products */,
				9AB8409D5E63BBE1AC4D1C5B /* Pods */,
				C30EF5D9DD908658DE398C83 /* Frameworks */,
			);
			sourceTree = "<group>";
		};
		6AEB682F1D1FCD22008A9729 /* Products */ = {
			isa = PBXGroup;
			children = (
				6AEB682E1D1FCD22008A9729 /* MMDrawerSampleSwift2.app */,
				6AEB68451D1FCD22008A9729 /* MMDrawerSampleSwift2Tests.xctest */,
				6AEB68501D1FCD22008A9729 /* MMDrawerSampleSwift2UITests.xctest */,
			);
			name = Products;
			sourceTree = "<group>";
		};
		6AEB68301D1FCD22008A9729 /* MMDrawerSampleSwift2 */ = {
			isa = PBXGroup;
			children = (
				6AEB68311D1FCD22008A9729 /* AppDelegate.swift */,
				6AEB68641D200538008A9729 /* LeftDrawerViewController.swift */,
				6AEB68331D1FCD22008A9729 /* MainViewController.swift */,
				6AEB68351D1FCD22008A9729 /* Main.storyboard */,
				6AEB683B1D1FCD22008A9729 /* Assets.xcassets */,
				6AEB683D1D1FCD22008A9729 /* LaunchScreen.storyboard */,
				6AEB68401D1FCD22008A9729 /* Info.plist */,
				6AEB68381D1FCD22008A9729 /* MMDrawerSampleSwift2.xcdatamodeld */,
			);
			path = MMDrawerSampleSwift2;
			sourceTree = "<group>";
		};
		6AEB68481D1FCD22008A9729 /* MMDrawerSampleSwift2Tests */ = {
			isa = PBXGroup;
			children = (
				6AEB68491D1FCD22008A9729 /* MMDrawerSampleSwift2Tests.swift */,
				6AEB684B1D1FCD22008A9729 /* Info.plist */,
			);
			path = MMDrawerSampleSwift2Tests;
			sourceTree = "<group>";
		};
		6AEB68531D1FCD22008A9729 /* MMDrawerSampleSwift2UITests */ = {
			isa = PBXGroup;
			children = (
				6AEB68541D1FCD22008A9729 /* MMDrawerSampleSwift2UITests.swift */,
				6AEB68561D1FCD22008A9729 /* Info.plist */,
			);
			path = MMDrawerSampleSwift2UITests;
			sourceTree = "<group>";
		};
		9AB8409D5E63BBE1AC4D1C5B /* Pods */ = {
			isa = PBXGroup;
			children = (
				2BF7CBA0D29BD86115FB2338 /* Pods-MMDrawerSampleSwift2.debug.xcconfig */,
				51B5CC2249B66DE0635FE3CA /* Pods-MMDrawerSampleSwift2.release.xcconfig */,
			);
			name = Pods;
			sourceTree = "<group>";
		};
		C30EF5D9DD908658DE398C83 /* Frameworks */ = {
			isa = PBXGroup;
			children = (
				6AEB68621D1FCF0F008A9729 /* MMDrawerController.framework */,
				1A4969A02B35BC6576FA2EA7 /* Pods_MMDrawerSampleSwift2.framework */,
			);
			name = Frameworks;
			sourceTree = "<group>";
		};
/* End PBXGroup section */

/* Begin PBXNativeTarget section */
		6AEB682D1D1FCD22008A9729 /* MMDrawerSampleSwift2 */ = {
			isa = PBXNativeTarget;
			buildConfigurationList = 6AEB68591D1FCD22008A9729 /* Build configuration list for PBXNativeTarget "MMDrawerSampleSwift2" */;
			buildPhases = (
				42DCFBA32867F7B533A262B6 /* Check Pods Manifest.lock */,
				6AEB682A1D1FCD22008A9729 /* Sources */,
				6AEB682B1D1FCD22008A9729 /* Frameworks */,
				6AEB682C1D1FCD22008A9729 /* Resources */,
				A877FA67DC674947A0131B12 /* Embed Pods Frameworks */,
				C62C955A4E05992876F308B6 /* Copy Pods Resources */,
			);
			buildRules = (
			);
			dependencies = (
			);
			name = MMDrawerSampleSwift2;
			productName = MMDrawerSampleSwift2;
			productReference = 6AEB682E1D1FCD22008A9729 /* MMDrawerSampleSwift2.app */;
			productType = "com.apple.product-type.application";
		};
		6AEB68441D1FCD22008A9729 /* MMDrawerSampleSwift2Tests */ = {
			isa = PBXNativeTarget;
			buildConfigurationList = 6AEB685C1D1FCD22008A9729 /* Build configuration list for PBXNativeTarget "MMDrawerSampleSwift2Tests" */;
			buildPhases = (
				6AEB68411D1FCD22008A9729 /* Sources */,
				6AEB68421D1FCD22008A9729 /* Frameworks */,
				6AEB68431D1FCD22008A9729 /* Resources */,
			);
			buildRules = (
			);
			dependencies = (
				6AEB68471D1FCD22008A9729 /* PBXTargetDependency */,
			);
			name = MMDrawerSampleSwift2Tests;
			productName = MMDrawerSampleSwift2Tests;
			productReference = 6AEB68451D1FCD22008A9729 /* MMDrawerSampleSwift2Tests.xctest */;
			productType = "com.apple.product-type.bundle.unit-test";
		};
		6AEB684F1D1FCD22008A9729 /* MMDrawerSampleSwift2UITests */ = {
			isa = PBXNativeTarget;
			buildConfigurationList = 6AEB685F1D1FCD22008A9729 /* Build configuration list for PBXNativeTarget "MMDrawerSampleSwift2UITests" */;
			buildPhases = (
				6AEB684C1D1FCD22008A9729 /* Sources */,
				6AEB684D1D1FCD22008A9729 /* Frameworks */,
				6AEB684E1D1FCD22008A9729 /* Resources */,
			);
			buildRules = (
			);
			dependencies = (
				6AEB68521D1FCD22008A9729 /* PBXTargetDependency */,
			);
			name = MMDrawerSampleSwift2UITests;
			productName = MMDrawerSampleSwift2UITests;
			productReference = 6AEB68501D1FCD22008A9729 /* MMDrawerSampleSwift2UITests.xctest */;
			productType = "com.apple.product-type.bundle.ui-testing";
		};
/* End PBXNativeTarget section */

/* Begin PBXProject section */
		6AEB68261D1FCD22008A9729 /* Project object */ = {
			isa = PBXProject;
			attributes = {
				LastSwiftUpdateCheck = 0730;
				LastUpgradeCheck = 0730;
				ORGANIZATIONNAME = "v-force.co.jp";
				TargetAttributes = {
					6AEB682D1D1FCD22008A9729 = {
						CreatedOnToolsVersion = 7.3.1;
						DevelopmentTeam = 8S93NCBWD3;
					};
					6AEB68441D1FCD22008A9729 = {
						CreatedOnToolsVersion = 7.3.1;
						TestTargetID = 6AEB682D1D1FCD22008A9729;
					};
					6AEB684F1D1FCD22008A9729 = {
						CreatedOnToolsVersion = 7.3.1;
						TestTargetID = 6AEB682D1D1FCD22008A9729;
					};
				};
			};
			buildConfigurationList = 6AEB68291D1FCD22008A9729 /* Build configuration list for PBXProject "MMDrawerSampleSwift2" */;
			compatibilityVersion = "Xcode 3.2";
			developmentRegion = English;
			hasScannedForEncodings = 0;
			knownRegions = (
				en,
				Base,
			);
			mainGroup = 6AEB68251D1FCD22008A9729;
			productRefGroup = 6AEB682F1D1FCD22008A9729 /* Products */;
			projectDirPath = "";
			projectRoot = "";
			targets = (
				6AEB682D1D1FCD22008A9729 /* MMDrawerSampleSwift2 */,
				6AEB68441D1FCD22008A9729 /* MMDrawerSampleSwift2Tests */,
				6AEB684F1D1FCD22008A9729 /* MMDrawerSampleSwift2UITests */,
			);
		};
/* End PBXProject section */

/* Begin PBXResourcesBuildPhase section */
		6AEB682C1D1FCD22008A9729 /* Resources */ = {
			isa = PBXResourcesBuildPhase;
			buildActionMask = 2147483647;
			files = (
				6AEB683F1D1FCD22008A9729 /* LaunchScreen.storyboard in Resources */,
				6AEB683C1D1FCD22008A9729 /* Assets.xcassets in Resources */,
				6AEB68371D1FCD22008A9729 /* Main.storyboard in Resources */,
			);
			runOnlyForDeploymentPostprocessing = 0;
		};
		6AEB68431D1FCD22008A9729 /* Resources */ = {
			isa = PBXResourcesBuildPhase;
			buildActionMask = 2147483647;
			files = (
			);
			runOnlyForDeploymentPostprocessing = 0;
		};
		6AEB684E1D1FCD22008A9729 /* Resources */ = {
			isa = PBXResourcesBuildPhase;
			buildActionMask = 2147483647;
			files = (
			);
			runOnlyForDeploymentPostprocessing = 0;
		};
/* End PBXResourcesBuildPhase section */

/* Begin PBXShellScriptBuildPhase section */
		42DCFBA32867F7B533A262B6 /* Check Pods Manifest.lock */ = {
			isa = PBXShellScriptBuildPhase;
			buildActionMask = 2147483647;
			files = (
			);
			inputPaths = (
			);
			name = "Check Pods Manifest.lock";
			outputPaths = (
			);
			runOnlyForDeploymentPostprocessing = 0;
			shellPath = /bin/sh;
			shellScript = "diff \"${PODS_ROOT}/../Podfile.lock\" \"${PODS_ROOT}/Manifest.lock\" > /dev/null\nif [[ $? != 0 ]] ; then\n    cat << EOM\nerror: The sandbox is not in sync with the Podfile.lock. Run 'pod install' or update your CocoaPods installation.\nEOM\n    exit 1\nfi\n";
			showEnvVarsInLog = 0;
		};
		A877FA67DC674947A0131B12 /* Embed Pods Frameworks */ = {
			isa = PBXShellScriptBuildPhase;
			buildActionMask = 2147483647;
			files = (
			);
			inputPaths = (
			);
			name = "Embed Pods Frameworks";
			outputPaths = (
			);
			runOnlyForDeploymentPostprocessing = 0;
			shellPath = /bin/sh;
			shellScript = "\"${SRCROOT}/Pods/Target Support Files/Pods-MMDrawerSampleSwift2/Pods-MMDrawerSampleSwift2-frameworks.sh\"\n";
			showEnvVarsInLog = 0;
		};
		C62C955A4E05992876F308B6 /* Copy Pods Resources */ = {
			isa = PBXShellScriptBuildPhase;
			buildActionMask = 2147483647;
			files = (
			);
			inputPaths = (
			);
			name = "Copy Pods Resources";
			outputPaths = (
			);
			runOnlyForDeploymentPostprocessing = 0;
			shellPath = /bin/sh;
			shellScript = "\"${SRCROOT}/Pods/Target Support Files/Pods-MMDrawerSampleSwift2/Pods-MMDrawerSampleSwift2-resources.sh\"\n";
			showEnvVarsInLog = 0;
		};
/* End PBXShellScriptBuildPhase section */

/* Begin PBXSourcesBuildPhase section */
		6AEB682A1D1FCD22008A9729 /* Sources */ = {
			isa = PBXSourcesBuildPhase;
			buildActionMask = 2147483647;
			files = (
				6AEB683A1D1FCD22008A9729 /* MMDrawerSampleSwift2.xcdatamodeld in Sources */,
				6AEB68341D1FCD22008A9729 /* MainViewController.swift in Sources */,
				6AEB68651D200538008A9729 /* LeftDrawerViewController.swift in Sources */,
				6AEB68321D1FCD22008A9729 /* AppDelegate.swift in Sources */,
			);
			runOnlyForDeploymentPostprocessing = 0;
		};
		6AEB68411D1FCD22008A9729 /* Sources */ = {
			isa = PBXSourcesBuildPhase;
			buildActionMask = 2147483647;
			files = (
				6AEB684A1D1FCD22008A9729 /* MMDrawerSampleSwift2Tests.swift in Sources */,
			);
			runOnlyForDeploymentPostprocessing = 0;
		};
		6AEB684C1D1FCD22008A9729 /* Sources */ = {
			isa = PBXSourcesBuildPhase;
			buildActionMask = 2147483647;
			files = (
				6AEB68551D1FCD22008A9729 /* MMDrawerSampleSwift2UITests.swift in Sources */,
			);
			runOnlyForDeploymentPostprocessing = 0;
		};
/* End PBXSourcesBuildPhase section */

/* Begin PBXTargetDependency section */
		6AEB68471D1FCD22008A9729 /* PBXTargetDependency */ = {
			isa = PBXTargetDependency;
			target = 6AEB682D1D1FCD22008A9729 /* MMDrawerSampleSwift2 */;
			targetProxy = 6AEB68461D1FCD22008A9729 /* PBXContainerItemProxy */;
		};
		6AEB68521D1FCD22008A9729 /* PBXTargetDependency */ = {
			isa = PBXTargetDependency;
			target = 6AEB682D1D1FCD22008A9729 /* MMDrawerSampleSwift2 */;
			targetProxy = 6AEB68511D1FCD22008A9729 /* PBXContainerItemProxy */;
		};
/* End PBXTargetDependency section */

/* Begin PBXVariantGroup section */
		6AEB68351D1FCD22008A9729 /* Main.storyboard */ = {
			isa = PBXVariantGroup;
			children = (
				6AEB68361D1FCD22008A9729 /* Base */,
			);
			name = Main.storyboard;
			sourceTree = "<group>";
		};
		6AEB683D1D1FCD22008A9729 /* LaunchScreen.storyboard */ = {
			isa = PBXVariantGroup;
			children = (
				6AEB683E1D1FCD22008A9729 /* Base */,
			);
			name = LaunchScreen.storyboard;
			sourceTree = "<group>";
		};
/* End PBXVariantGroup section */

/* Begin XCBuildConfiguration section */
		6AEB68571D1FCD22008A9729 /* Debug */ = {
			isa = XCBuildConfiguration;
			buildSettings = {
				ALWAYS_SEARCH_USER_PATHS = NO;
				CLANG_ANALYZER_NONNULL = YES;
				CLANG_CXX_LANGUAGE_STANDARD = "gnu++0x";
				CLANG_CXX_LIBRARY = "libc++";
				CLANG_ENABLE_MODULES = YES;
				CLANG_ENABLE_OBJC_ARC = YES;
				CLANG_WARN_BOOL_CONVERSION = YES;
				CLANG_WARN_CONSTANT_CONVERSION = YES;
				CLANG_WARN_DIRECT_OBJC_ISA_USAGE = YES_ERROR;
				CLANG_WARN_EMPTY_BODY = YES;
				CLANG_WARN_ENUM_CONVERSION = YES;
				CLANG_WARN_INT_CONVERSION = YES;
				CLANG_WARN_OBJC_ROOT_CLASS = YES_ERROR;
				CLANG_WARN_UNREACHABLE_CODE = YES;
				CLANG_WARN__DUPLICATE_METHOD_MATCH = YES;
				"CODE_SIGN_IDENTITY[sdk=iphoneos*]" = "iPhone Developer";
				COPY_PHASE_STRIP = NO;
				DEBUG_INFORMATION_FORMAT = dwarf;
				ENABLE_STRICT_OBJC_MSGSEND = YES;
				ENABLE_TESTABILITY = YES;
				GCC_C_LANGUAGE_STANDARD = gnu99;
				GCC_DYNAMIC_NO_PIC = NO;
				GCC_NO_COMMON_BLOCKS = YES;
				GCC_OPTIMIZATION_LEVEL = 0;
				GCC_PREPROCESSOR_DEFINITIONS = (
					"DEBUG=1",
					"$(inherited)",
				);
				GCC_WARN_64_TO_32_BIT_CONVERSION = YES;
				GCC_WARN_ABOUT_RETURN_TYPE = YES_ERROR;
				GCC_WARN_UNDECLARED_SELECTOR = YES;
				GCC_WARN_UNINITIALIZED_AUTOS = YES_AGGRESSIVE;
				GCC_WARN_UNUSED_FUNCTION = YES;
				GCC_WARN_UNUSED_VARIABLE = YES;
				IPHONEOS_DEPLOYMENT_TARGET = 9.3;
				MTL_ENABLE_DEBUG_INFO = YES;
				ONLY_ACTIVE_ARCH = YES;
				SDKROOT = iphoneos;
				SWIFT_OPTIMIZATION_LEVEL = "-Onone";
			};
			name = Debug;
		};
		6AEB68581D1FCD22008A9729 /* Release */ = {
			isa = XCBuildConfiguration;
			buildSettings = {
				ALWAYS_SEARCH_USER_PATHS = NO;
				CLANG_ANALYZER_NONNULL = YES;
				CLANG_CXX_LANGUAGE_STANDARD = "gnu++0x";
				CLANG_CXX_LIBRARY = "libc++";
				CLANG_ENABLE_MODULES = YES;
				CLANG_ENABLE_OBJC_ARC = YES;
				CLANG_WARN_BOOL_CONVERSION = YES;
				CLANG_WARN_CONSTANT_CONVERSION = YES;
				CLANG_WARN_DIRECT_OBJC_ISA_USAGE = YES_ERROR;
				CLANG_WARN_EMPTY_BODY = YES;
				CLANG_WARN_ENUM_CONVERSION = YES;
				CLANG_WARN_INT_CONVERSION = YES;
				CLANG_WARN_OBJC_ROOT_CLASS = YES_ERROR;
				CLANG_WARN_UNREACHABLE_CODE = YES;
				CLANG_WARN__DUPLICATE_METHOD_MATCH = YES;
				"CODE_SIGN_IDENTITY[sdk=iphoneos*]" = "iPhone Developer";
				COPY_PHASE_STRIP = NO;
				DEBUG_INFORMATION_FORMAT = "dwarf-with-dsym";
				ENABLE_NS_ASSERTIONS = NO;
				ENABLE_STRICT_OBJC_MSGSEND = YES;
				GCC_C_LANGUAGE_STANDARD = gnu99;
				GCC_NO_COMMON_BLOCKS = YES;
				GCC_WARN_64_TO_32_BIT_CONVERSION = YES;
				GCC_WARN_ABOUT_RETURN_TYPE = YES_ERROR;
				GCC_WARN_UNDECLARED_SELECTOR = YES;
				GCC_WARN_UNINITIALIZED_AUTOS = YES_AGGRESSIVE;
				GCC_WARN_UNUSED_FUNCTION = YES;
				GCC_WARN_UNUSED_VARIABLE = YES;
				IPHONEOS_DEPLOYMENT_TARGET = 9.3;
				MTL_ENABLE_DEBUG_INFO = NO;
				SDKROOT = iphoneos;
				VALIDATE_PRODUCT = YES;
			};
			name = Release;
		};
		6AEB685A1D1FCD22008A9729 /* Debug */ = {
			isa = XCBuildConfiguration;
			baseConfigurationReference = 2BF7CBA0D29BD86115FB2338 /* Pods-MMDrawerSampleSwift2.debug.xcconfig */;
			buildSettings = {
				ASSETCATALOG_COMPILER_APPICON_NAME = AppIcon;
				CODE_SIGN_IDENTITY = "iPhone Developer";
				FRAMEWORK_SEARCH_PATHS = (
					"$(inherited)",
					"$(PROJECT_DIR)/build/Debug-iphoneos",
				);
				INFOPLIST_FILE = MMDrawerSampleSwift2/Info.plist;
				LD_RUNPATH_SEARCH_PATHS = "$(inherited) @executable_path/Frameworks";
				PRODUCT_BUNDLE_IDENTIFIER = "jp.co.v-force.apps.MMDrawerSampleSwift2";
				PRODUCT_NAME = "$(TARGET_NAME)";
			};
			name = Debug;
		};
		6AEB685B1D1FCD22008A9729 /* Release */ = {
			isa = XCBuildConfiguration;
			baseConfigurationReference = 51B5CC2249B66DE0635FE3CA /* Pods-MMDrawerSampleSwift2.release.xcconfig */;
			buildSettings = {
				ASSETCATALOG_COMPILER_APPICON_NAME = AppIcon;
				CODE_SIGN_IDENTITY = "iPhone Developer";
				FRAMEWORK_SEARCH_PATHS = (
					"$(inherited)",
					"$(PROJECT_DIR)/build/Debug-iphoneos",
				);
				INFOPLIST_FILE = MMDrawerSampleSwift2/Info.plist;
				LD_RUNPATH_SEARCH_PATHS = "$(inherited) @executable_path/Frameworks";
				PRODUCT_BUNDLE_IDENTIFIER = "jp.co.v-force.apps.MMDrawerSampleSwift2";
				PRODUCT_NAME = "$(TARGET_NAME)";
			};
			name = Release;
		};
		6AEB685D1D1FCD22008A9729 /* Debug */ = {
			isa = XCBuildConfiguration;
			buildSettings = {
				BUNDLE_LOADER = "$(TEST_HOST)";
				INFOPLIST_FILE = MMDrawerSampleSwift2Tests/Info.plist;
				LD_RUNPATH_SEARCH_PATHS = "$(inherited) @executable_path/Frameworks @loader_path/Frameworks";
				PRODUCT_BUNDLE_IDENTIFIER = "jp.co.v-force.apps.MMDrawerSampleSwift2Tests";
				PRODUCT_NAME = "$(TARGET_NAME)";
				TEST_HOST = "$(BUILT_PRODUCTS_DIR)/MMDrawerSampleSwift2.app/MMDrawerSampleSwift2";
			};
			name = Debug;
		};
		6AEB685E1D1FCD22008A9729 /* Release */ = {
			isa = XCBuildConfiguration;
			buildSettings = {
				BUNDLE_LOADER = "$(TEST_HOST)";
				INFOPLIST_FILE = MMDrawerSampleSwift2Tests/Info.plist;
				LD_RUNPATH_SEARCH_PATHS = "$(inherited) @executable_path/Frameworks @loader_path/Frameworks";
				PRODUCT_BUNDLE_IDENTIFIER = "jp.co.v-force.apps.MMDrawerSampleSwift2Tests";
				PRODUCT_NAME = "$(TARGET_NAME)";
				TEST_HOST = "$(BUILT_PRODUCTS_DIR)/MMDrawerSampleSwift2.app/MMDrawerSampleSwift2";
			};
			name = Release;
		};
		6AEB68601D1FCD22008A9729 /* Debug */ = {
			isa = XCBuildConfiguration;
			buildSettings = {
				INFOPLIST_FILE = MMDrawerSampleSwift2UITests/Info.plist;
				LD_RUNPATH_SEARCH_PATHS = "$(inherited) @executable_path/Frameworks @loader_path/Frameworks";
				PRODUCT_BUNDLE_IDENTIFIER = "jp.co.v-force.apps.MMDrawerSampleSwift2UITests";
				PRODUCT_NAME = "$(TARGET_NAME)";
				TEST_TARGET_NAME = MMDrawerSampleSwift2;
			};
			name = Debug;
		};
		6AEB68611D1FCD22008A9729 /* Release */ = {
			isa = XCBuildConfiguration;
			buildSettings = {
				INFOPLIST_FILE = MMDrawerSampleSwift2UITests/Info.plist;
				LD_RUNPATH_SEARCH_PATHS = "$(inherited) @executable_path/Frameworks @loader_path/Frameworks";
				PRODUCT_BUNDLE_IDENTIFIER = "jp.co.v-force.apps.MMDrawerSampleSwift2UITests";
				PRODUCT_NAME = "$(TARGET_NAME)";
				TEST_TARGET_NAME = MMDrawerSampleSwift2;
			};
			name = Release;
		};
/* End XCBuildConfiguration section */

/* Begin XCConfigurationList section */
		6AEB68291D1FCD22008A9729 /* Build configuration list for PBXProject "MMDrawerSampleSwift2" */ = {
			isa = XCConfigurationList;
			buildConfigurations = (
				6AEB68571D1FCD22008A9729 /* Debug */,
				6AEB68581D1FCD22008A9729 /* Release */,
			);
			defaultConfigurationIsVisible = 0;
			defaultConfigurationName = Release;
		};
		6AEB68591D1FCD22008A9729 /* Build configuration list for PBXNativeTarget "MMDrawerSampleSwift2" */ = {
			isa = XCConfigurationList;
			buildConfigurations = (
				6AEB685A1D1FCD22008A9729 /* Debug */,
				6AEB685B1D1FCD22008A9729 /* Release */,
			);
			defaultConfigurationIsVisible = 0;
			defaultConfigurationName = Release;
		};
		6AEB685C1D1FCD22008A9729 /* Build configuration list for PBXNativeTarget "MMDrawerSampleSwift2Tests" */ = {
			isa = XCConfigurationList;
			buildConfigurations = (
				6AEB685D1D1FCD22008A9729 /* Debug */,
				6AEB685E1D1FCD22008A9729 /* Release */,
			);
			defaultConfigurationIsVisible = 0;
			defaultConfigurationName = Release;
		};
		6AEB685F1D1FCD22008A9729 /* Build configuration list for PBXNativeTarget "MMDrawerSampleSwift2UITests" */ = {
			isa = XCConfigurationList;
			buildConfigurations = (
				6AEB68601D1FCD22008A9729 /* Debug */,
				6AEB68611D1FCD22008A9729 /* Release */,
			);
			defaultConfigurationIsVisible = 0;
			defaultConfigurationName = Release;
		};
/* End XCConfigurationList section */

/* Begin XCVersionGroup section */
		6AEB68381D1FCD22008A9729 /* MMDrawerSampleSwift2.xcdatamodeld */ = {
			isa = XCVersionGroup;
			children = (
				6AEB68391D1FCD22008A9729 /* MMDrawerSampleSwift2.xcdatamodel */,
			);
			currentVersion = 6AEB68391D1FCD22008A9729 /* MMDrawerSampleSwift2.xcdatamodel */;
			path = MMDrawerSampleSwift2.xcdatamodeld;
			sourceTree = "<group>";
			versionGroupType = wrapper.xcdatamodel;
		};
/* End XCVersionGroup section */
	};
	rootObject = 6AEB68261D1FCD22008A9729 /* Project object */;
}
